// !$*UTF8*$!
{
	archiveVersion = 1;
	classes = {
	};
	objectVersion = 46;
	objects = {

/* Begin PBXBuildFile section */
		82E1ACD03B535C52D8DD34BE /* libPods-hpairapp.a in Frameworks */ = {isa = PBXBuildFile; fileRef = 383901A9346F72E7ACA6C31D /* libPods-hpairapp.a */; };
		CE0231721D0C9CB2004E2B43 /* main.m in Sources */ = {isa = PBXBuildFile; fileRef = CE0231711D0C9CB2004E2B43 /* main.m */; };
		CE0231751D0C9CB2004E2B43 /* AppDelegate.m in Sources */ = {isa = PBXBuildFile; fileRef = CE0231741D0C9CB2004E2B43 /* AppDelegate.m */; };
		CE0231801D0C9CB2004E2B43 /* Assets.xcassets in Resources */ = {isa = PBXBuildFile; fileRef = CE02317F1D0C9CB2004E2B43 /* Assets.xcassets */; };
		CE0231831D0C9CB2004E2B43 /* LaunchScreen.storyboard in Resources */ = {isa = PBXBuildFile; fileRef = CE0231811D0C9CB2004E2B43 /* LaunchScreen.storyboard */; };
		CE02318E1D0C9CB2004E2B43 /* hpairappTests.m in Sources */ = {isa = PBXBuildFile; fileRef = CE02318D1D0C9CB2004E2B43 /* hpairappTests.m */; };
		CE0231991D0C9CB2004E2B43 /* hpairappUITests.m in Sources */ = {isa = PBXBuildFile; fileRef = CE0231981D0C9CB2004E2B43 /* hpairappUITests.m */; };
		CE0231A81D0E55DB004E2B43 /* MapTableViewController.m in Sources */ = {isa = PBXBuildFile; fileRef = CE0231A71D0E55DB004E2B43 /* MapTableViewController.m */; };
		CE0CE4541D1A40430003082C /* SingleMapViewController.m in Sources */ = {isa = PBXBuildFile; fileRef = CE0CE4531D1A40430003082C /* SingleMapViewController.m */; };
		CE0CE4571D1A45150003082C /* NotificationsTableViewController.m in Sources */ = {isa = PBXBuildFile; fileRef = CE0CE4561D1A45150003082C /* NotificationsTableViewController.m */; };
		CE2878C41D1E39F500B190CE /* SingleTrackTableViewController.m in Sources */ = {isa = PBXBuildFile; fileRef = CE2878C31D1E39F500B190CE /* SingleTrackTableViewController.m */; };
		CE63E5FA1D566B31007ADB72 /* SponsorsViewController.m in Sources */ = {isa = PBXBuildFile; fileRef = CE63E5F81D566B31007ADB72 /* SponsorsViewController.m */; };
		CE63E5FB1D566B31007ADB72 /* SponsorsViewController.xib in Resources */ = {isa = PBXBuildFile; fileRef = CE63E5F91D566B31007ADB72 /* SponsorsViewController.xib */; };
		CE63E6121D566BE4007ADB72 /* image1.jpg in Resources */ = {isa = PBXBuildFile; fileRef = CE63E5FD1D566BE4007ADB72 /* image1.jpg */; };
		CE63E6131D566BE4007ADB72 /* image2.jpg in Resources */ = {isa = PBXBuildFile; fileRef = CE63E5FE1D566BE4007ADB72 /* image2.jpg */; };
		CE63E6141D566BE4007ADB72 /* image3.jpg in Resources */ = {isa = PBXBuildFile; fileRef = CE63E5FF1D566BE4007ADB72 /* image3.jpg */; };
		CE63E6161D566BE4007ADB72 /* image5.jpg in Resources */ = {isa = PBXBuildFile; fileRef = CE63E6011D566BE4007ADB72 /* image5.jpg */; };
		CE63E6171D566BE4007ADB72 /* image6.png in Resources */ = {isa = PBXBuildFile; fileRef = CE63E6021D566BE4007ADB72 /* image6.png */; };
		CE63E6181D566BE4007ADB72 /* image7.png in Resources */ = {isa = PBXBuildFile; fileRef = CE63E6031D566BE4007ADB72 /* image7.png */; };
		CE63E6191D566BE4007ADB72 /* image8.png in Resources */ = {isa = PBXBuildFile; fileRef = CE63E6041D566BE4007ADB72 /* image8.png */; };
		CE63E61B1D566BE4007ADB72 /* image10.jpg in Resources */ = {isa = PBXBuildFile; fileRef = CE63E6061D566BE4007ADB72 /* image10.jpg */; };
		CE63E61C1D566BE4007ADB72 /* image11.png in Resources */ = {isa = PBXBuildFile; fileRef = CE63E6071D566BE4007ADB72 /* image11.png */; };
		CE63E61F1D566BE4007ADB72 /* image14.jpg in Resources */ = {isa = PBXBuildFile; fileRef = CE63E60A1D566BE4007ADB72 /* image14.jpg */; };
		CE63E6201D566BE4007ADB72 /* image15.jpg in Resources */ = {isa = PBXBuildFile; fileRef = CE63E60B1D566BE4007ADB72 /* image15.jpg */; };
		CE63E6211D566BE4007ADB72 /* image16.jpg in Resources */ = {isa = PBXBuildFile; fileRef = CE63E60C1D566BE4007ADB72 /* image16.jpg */; };
		CE63E6221D566BE4007ADB72 /* image17.png in Resources */ = {isa = PBXBuildFile; fileRef = CE63E60D1D566BE4007ADB72 /* image17.png */; };
		CE63E6231D566BE4007ADB72 /* image18.png in Resources */ = {isa = PBXBuildFile; fileRef = CE63E60E1D566BE4007ADB72 /* image18.png */; };
		CE63E6241D566BE4007ADB72 /* image19.jpg in Resources */ = {isa = PBXBuildFile; fileRef = CE63E60F1D566BE4007ADB72 /* image19.jpg */; };
		CE63E62B1D5675D7007ADB72 /* Conference-Call-50.png in Resources */ = {isa = PBXBuildFile; fileRef = CE63E6261D5675D7007ADB72 /* Conference-Call-50.png */; };
		CE63E62C1D5675D7007ADB72 /* Handshake-50.png in Resources */ = {isa = PBXBuildFile; fileRef = CE63E6271D5675D7007ADB72 /* Handshake-50.png */; };
		CE63E62D1D5675D7007ADB72 /* Calendar-50.png in Resources */ = {isa = PBXBuildFile; fileRef = CE63E6281D5675D7007ADB72 /* Calendar-50.png */; };
		CE63E62F1D5675D7007ADB72 /* Map-Marker-50.png in Resources */ = {isa = PBXBuildFile; fileRef = CE63E62A1D5675D7007ADB72 /* Map-Marker-50.png */; };
		CE63E6341D56797F007ADB72 /* Main.storyboard in Resources */ = {isa = PBXBuildFile; fileRef = CE63E6331D56797F007ADB72 /* Main.storyboard */; };
		CE63E6361D567A22007ADB72 /* Alarm-Clock.svg in Resources */ = {isa = PBXBuildFile; fileRef = CE63E6351D567A22007ADB72 /* Alarm-Clock.svg */; };
		CE63E6381D567B33007ADB72 /* Alarm-Clock@3x.png in Resources */ = {isa = PBXBuildFile; fileRef = CE63E6371D567B33007ADB72 /* Alarm-Clock@3x.png */; };
		CE63E63B1D567B3C007ADB72 /* Alarm-Clock.png in Resources */ = {isa = PBXBuildFile; fileRef = CE63E6391D567B3C007ADB72 /* Alarm-Clock.png */; };
		CE63E63C1D567B3C007ADB72 /* Alarm-Clock@2x.png in Resources */ = {isa = PBXBuildFile; fileRef = CE63E63A1D567B3C007ADB72 /* Alarm-Clock@2x.png */; };
		CE63E6441D567C88007ADB72 /* Map-Marker@3x.png in Resources */ = {isa = PBXBuildFile; fileRef = CE63E6431D567C88007ADB72 /* Map-Marker@3x.png */; };
		CE63E6471D567C9F007ADB72 /* Map-Marker.png in Resources */ = {isa = PBXBuildFile; fileRef = CE63E6451D567C9F007ADB72 /* Map-Marker.png */; };
		CE63E6481D567C9F007ADB72 /* Map-Marker@2x.png in Resources */ = {isa = PBXBuildFile; fileRef = CE63E6461D567C9F007ADB72 /* Map-Marker@2x.png */; };
		CE63E64B1D567D16007ADB72 /* Handshake.png in Resources */ = {isa = PBXBuildFile; fileRef = CE63E6491D567D16007ADB72 /* Handshake.png */; };
		CE63E64C1D567D16007ADB72 /* Handshake@2x.png in Resources */ = {isa = PBXBuildFile; fileRef = CE63E64A1D567D16007ADB72 /* Handshake@2x.png */; };
		CE63E64E1D567D1E007ADB72 /* Handshake@3x.png in Resources */ = {isa = PBXBuildFile; fileRef = CE63E64D1D567D1E007ADB72 /* Handshake@3x.png */; };
		CE63E6511D567D8E007ADB72 /* Calendar.png in Resources */ = {isa = PBXBuildFile; fileRef = CE63E64F1D567D8E007ADB72 /* Calendar.png */; };
		CE63E6521D567D8E007ADB72 /* Calendar@2x.png in Resources */ = {isa = PBXBuildFile; fileRef = CE63E6501D567D8E007ADB72 /* Calendar@2x.png */; };
		CE63E6541D567DA7007ADB72 /* Calendar@3x.png in Resources */ = {isa = PBXBuildFile; fileRef = CE63E6531D567DA7007ADB72 /* Calendar@3x.png */; };
		CE63E6571D567E6F007ADB72 /* Conference-Call.png in Resources */ = {isa = PBXBuildFile; fileRef = CE63E6551D567E6F007ADB72 /* Conference-Call.png */; };
		CE63E6581D567E6F007ADB72 /* Conference-Call@2x.png in Resources */ = {isa = PBXBuildFile; fileRef = CE63E6561D567E6F007ADB72 /* Conference-Call@2x.png */; };
		CE63E65A1D567EAD007ADB72 /* Conference-Call@3x.png in Resources */ = {isa = PBXBuildFile; fileRef = CE63E6591D567EAD007ADB72 /* Conference-Call@3x.png */; };
		CE63E65C1D5684AD007ADB72 /* image0.jpg in Resources */ = {isa = PBXBuildFile; fileRef = CE63E65B1D5684AD007ADB72 /* image0.jpg */; };
		CE63E65E1D5684D6007ADB72 /* image4.jpg in Resources */ = {isa = PBXBuildFile; fileRef = CE63E65D1D5684D6007ADB72 /* image4.jpg */; };
		CE63E6601D56850C007ADB72 /* image9.jpg in Resources */ = {isa = PBXBuildFile; fileRef = CE63E65F1D56850C007ADB72 /* image9.jpg */; };
		CE63E6621D568542007ADB72 /* image13.jpg in Resources */ = {isa = PBXBuildFile; fileRef = CE63E6611D568542007ADB72 /* image13.jpg */; };
		CE63E6641D568562007ADB72 /* image12.jpg in Resources */ = {isa = PBXBuildFile; fileRef = CE63E6631D568562007ADB72 /* image12.jpg */; };
		CE63E6671D568A37007ADB72 /* NotificationItem.m in Sources */ = {isa = PBXBuildFile; fileRef = CE63E6661D568A37007ADB72 /* NotificationItem.m */; };
		CE65346A1D4079FA0057EA30 /* Track.m in Sources */ = {isa = PBXBuildFile; fileRef = CE6534691D4079FA0057EA30 /* Track.m */; };
		CE65346D1D407B160057EA30 /* TrackEvent.m in Sources */ = {isa = PBXBuildFile; fileRef = CE65346C1D407B160057EA30 /* TrackEvent.m */; };
		CEB4678B1D45673600DBE5C3 /* TrackEventTableViewCell.m in Sources */ = {isa = PBXBuildFile; fileRef = CEB467891D45673600DBE5C3 /* TrackEventTableViewCell.m */; };
		CEB4678C1D45673600DBE5C3 /* TrackEventTableViewCell.xib in Resources */ = {isa = PBXBuildFile; fileRef = CEB4678A1D45673600DBE5C3 /* TrackEventTableViewCell.xib */; };
		CEB98E071D51AAAD0079DEA0 /* ScheduleEventTableViewCell.m in Sources */ = {isa = PBXBuildFile; fileRef = CEB98E051D51AAAD0079DEA0 /* ScheduleEventTableViewCell.m */; };
		CEB98E081D51AAAD0079DEA0 /* ScheduleEventTableViewCell.xib in Resources */ = {isa = PBXBuildFile; fileRef = CEB98E061D51AAAD0079DEA0 /* ScheduleEventTableViewCell.xib */; };
		CEB98E0B1D51ADDE0079DEA0 /* image00.png in Resources */ = {isa = PBXBuildFile; fileRef = CEB98E091D51ADDE0079DEA0 /* image00.png */; };
		CEB98E0C1D51ADDE0079DEA0 /* image02.png in Resources */ = {isa = PBXBuildFile; fileRef = CEB98E0A1D51ADDE0079DEA0 /* image02.png */; };
		CEBF4D0B1D1CE3B000621686 /* ScheduleByDayTableViewController.m in Sources */ = {isa = PBXBuildFile; fileRef = CEBF4D0A1D1CE3B000621686 /* ScheduleByDayTableViewController.m */; };
		CEBF4D0E1D1CE91F00621686 /* DayScheduleViewController.m in Sources */ = {isa = PBXBuildFile; fileRef = CEBF4D0D1D1CE91F00621686 /* DayScheduleViewController.m */; };
		CEBF4D111D1E348800621686 /* AllTracksTableViewController.m in Sources */ = {isa = PBXBuildFile; fileRef = CEBF4D101D1E348800621686 /* AllTracksTableViewController.m */; };
		CEC251781D41E307003B30B3 /* SingleTrackHeaderTableViewCell.m in Sources */ = {isa = PBXBuildFile; fileRef = CEC251771D41E307003B30B3 /* SingleTrackHeaderTableViewCell.m */; };
		CEC2517B1D41E346003B30B3 /* SingleTrackHeaderTableViewCell.xib in Resources */ = {isa = PBXBuildFile; fileRef = CEC2517A1D41E346003B30B3 /* SingleTrackHeaderTableViewCell.xib */; };
		CEDC53101D408A86002AD2B7 /* DataLoader.m in Sources */ = {isa = PBXBuildFile; fileRef = CEDC530F1D408A86002AD2B7 /* DataLoader.m */; };
		CEEED54B1D407EEC00A060D8 /* Version.m in Sources */ = {isa = PBXBuildFile; fileRef = CEEED54A1D407EEC00A060D8 /* Version.m */; };
		CEEED54E1D407FF800A060D8 /* Schedule.m in Sources */ = {isa = PBXBuildFile; fileRef = CEEED54D1D407FF800A060D8 /* Schedule.m */; };
		CEEED5511D40800400A060D8 /* ScheduleEvent.m in Sources */ = {isa = PBXBuildFile; fileRef = CEEED5501D40800400A060D8 /* ScheduleEvent.m */; };
		CEF7457A1D57C97700DE6E02 /* NSString+MD5.m in Sources */ = {isa = PBXBuildFile; fileRef = CEF745791D57C97700DE6E02 /* NSString+MD5.m */; };
/* End PBXBuildFile section */

/* Begin PBXContainerItemProxy section */
		CE02318A1D0C9CB2004E2B43 /* PBXContainerItemProxy */ = {
			isa = PBXContainerItemProxy;
			containerPortal = CE0231651D0C9CB1004E2B43 /* Project object */;
			proxyType = 1;
			remoteGlobalIDString = CE02316C1D0C9CB1004E2B43;
			remoteInfo = hpairapp;
		};
		CE0231951D0C9CB2004E2B43 /* PBXContainerItemProxy */ = {
			isa = PBXContainerItemProxy;
			containerPortal = CE0231651D0C9CB1004E2B43 /* Project object */;
			proxyType = 1;
			remoteGlobalIDString = CE02316C1D0C9CB1004E2B43;
			remoteInfo = hpairapp;
		};
/* End PBXContainerItemProxy section */

/* Begin PBXFileReference section */
		37E10EDD0CEB8383A539964F /* Pods-hpairapp.release.xcconfig */ = {isa = PBXFileReference; includeInIndex = 1; lastKnownFileType = text.xcconfig; name = "Pods-hpairapp.release.xcconfig"; path = "Pods/Target Support Files/Pods-hpairapp/Pods-hpairapp.release.xcconfig"; sourceTree = "<group>"; };
		383901A9346F72E7ACA6C31D /* libPods-hpairapp.a */ = {isa = PBXFileReference; explicitFileType = archive.ar; includeInIndex = 0; path = "libPods-hpairapp.a"; sourceTree = BUILT_PRODUCTS_DIR; };
		B1EBE13DDB1EC33F83F8500D /* Pods-hpairapp.debug.xcconfig */ = {isa = PBXFileReference; includeInIndex = 1; lastKnownFileType = text.xcconfig; name = "Pods-hpairapp.debug.xcconfig"; path = "Pods/Target Support Files/Pods-hpairapp/Pods-hpairapp.debug.xcconfig"; sourceTree = "<group>"; };
		CE02316D1D0C9CB1004E2B43 /* hpairapp.app */ = {isa = PBXFileReference; explicitFileType = wrapper.application; includeInIndex = 0; path = hpairapp.app; sourceTree = BUILT_PRODUCTS_DIR; };
		CE0231711D0C9CB2004E2B43 /* main.m */ = {isa = PBXFileReference; lastKnownFileType = sourcecode.c.objc; path = main.m; sourceTree = "<group>"; };
		CE0231731D0C9CB2004E2B43 /* AppDelegate.h */ = {isa = PBXFileReference; lastKnownFileType = sourcecode.c.h; path = AppDelegate.h; sourceTree = "<group>"; };
		CE0231741D0C9CB2004E2B43 /* AppDelegate.m */ = {isa = PBXFileReference; lastKnownFileType = sourcecode.c.objc; path = AppDelegate.m; sourceTree = "<group>"; };
		CE02317F1D0C9CB2004E2B43 /* Assets.xcassets */ = {isa = PBXFileReference; lastKnownFileType = folder.assetcatalog; path = Assets.xcassets; sourceTree = "<group>"; };
		CE0231821D0C9CB2004E2B43 /* Base */ = {isa = PBXFileReference; lastKnownFileType = file.storyboard; name = Base; path = Base.lproj/LaunchScreen.storyboard; sourceTree = "<group>"; };
		CE0231841D0C9CB2004E2B43 /* Info.plist */ = {isa = PBXFileReference; lastKnownFileType = text.plist.xml; path = Info.plist; sourceTree = "<group>"; };
		CE0231891D0C9CB2004E2B43 /* hpairappTests.xctest */ = {isa = PBXFileReference; explicitFileType = wrapper.cfbundle; includeInIndex = 0; path = hpairappTests.xctest; sourceTree = BUILT_PRODUCTS_DIR; };
		CE02318D1D0C9CB2004E2B43 /* hpairappTests.m */ = {isa = PBXFileReference; lastKnownFileType = sourcecode.c.objc; path = hpairappTests.m; sourceTree = "<group>"; };
		CE02318F1D0C9CB2004E2B43 /* Info.plist */ = {isa = PBXFileReference; lastKnownFileType = text.plist.xml; path = Info.plist; sourceTree = "<group>"; };
		CE0231941D0C9CB2004E2B43 /* hpairappUITests.xctest */ = {isa = PBXFileReference; explicitFileType = wrapper.cfbundle; includeInIndex = 0; path = hpairappUITests.xctest; sourceTree = BUILT_PRODUCTS_DIR; };
		CE0231981D0C9CB2004E2B43 /* hpairappUITests.m */ = {isa = PBXFileReference; lastKnownFileType = sourcecode.c.objc; path = hpairappUITests.m; sourceTree = "<group>"; };
		CE02319A1D0C9CB2004E2B43 /* Info.plist */ = {isa = PBXFileReference; lastKnownFileType = text.plist.xml; path = Info.plist; sourceTree = "<group>"; };
		CE0231A61D0E55DB004E2B43 /* MapTableViewController.h */ = {isa = PBXFileReference; fileEncoding = 4; lastKnownFileType = sourcecode.c.h; path = MapTableViewController.h; sourceTree = "<group>"; };
		CE0231A71D0E55DB004E2B43 /* MapTableViewController.m */ = {isa = PBXFileReference; fileEncoding = 4; lastKnownFileType = sourcecode.c.objc; path = MapTableViewController.m; sourceTree = "<group>"; };
		CE0CE4521D1A40430003082C /* SingleMapViewController.h */ = {isa = PBXFileReference; fileEncoding = 4; lastKnownFileType = sourcecode.c.h; path = SingleMapViewController.h; sourceTree = "<group>"; };
		CE0CE4531D1A40430003082C /* SingleMapViewController.m */ = {isa = PBXFileReference; fileEncoding = 4; lastKnownFileType = sourcecode.c.objc; path = SingleMapViewController.m; sourceTree = "<group>"; };
		CE0CE4551D1A45150003082C /* NotificationsTableViewController.h */ = {isa = PBXFileReference; fileEncoding = 4; lastKnownFileType = sourcecode.c.h; path = NotificationsTableViewController.h; sourceTree = "<group>"; };
		CE0CE4561D1A45150003082C /* NotificationsTableViewController.m */ = {isa = PBXFileReference; fileEncoding = 4; lastKnownFileType = sourcecode.c.objc; path = NotificationsTableViewController.m; sourceTree = "<group>"; };
		CE2878C21D1E39F500B190CE /* SingleTrackTableViewController.h */ = {isa = PBXFileReference; fileEncoding = 4; lastKnownFileType = sourcecode.c.h; path = SingleTrackTableViewController.h; sourceTree = "<group>"; };
		CE2878C31D1E39F500B190CE /* SingleTrackTableViewController.m */ = {isa = PBXFileReference; fileEncoding = 4; lastKnownFileType = sourcecode.c.objc; path = SingleTrackTableViewController.m; sourceTree = "<group>"; };
		CE63E5F71D566B31007ADB72 /* SponsorsViewController.h */ = {isa = PBXFileReference; fileEncoding = 4; lastKnownFileType = sourcecode.c.h; path = SponsorsViewController.h; sourceTree = "<group>"; };
		CE63E5F81D566B31007ADB72 /* SponsorsViewController.m */ = {isa = PBXFileReference; fileEncoding = 4; lastKnownFileType = sourcecode.c.objc; path = SponsorsViewController.m; sourceTree = "<group>"; };
		CE63E5F91D566B31007ADB72 /* SponsorsViewController.xib */ = {isa = PBXFileReference; fileEncoding = 4; lastKnownFileType = file.xib; path = SponsorsViewController.xib; sourceTree = "<group>"; };
		CE63E5FD1D566BE4007ADB72 /* image1.jpg */ = {isa = PBXFileReference; lastKnownFileType = image.jpeg; name = image1.jpg; path = "../../../../../Downloads/documents-export-2016-08-03/image1.jpg"; sourceTree = "<group>"; };
		CE63E5FE1D566BE4007ADB72 /* image2.jpg */ = {isa = PBXFileReference; lastKnownFileType = image.jpeg; name = image2.jpg; path = "../../../../../Downloads/documents-export-2016-08-03/image2.jpg"; sourceTree = "<group>"; };
		CE63E5FF1D566BE4007ADB72 /* image3.jpg */ = {isa = PBXFileReference; lastKnownFileType = image.jpeg; name = image3.jpg; path = "../../../../../Downloads/documents-export-2016-08-03/image3.jpg"; sourceTree = "<group>"; };
		CE63E6011D566BE4007ADB72 /* image5.jpg */ = {isa = PBXFileReference; lastKnownFileType = image.jpeg; name = image5.jpg; path = "../../../../../Downloads/documents-export-2016-08-03/image5.jpg"; sourceTree = "<group>"; };
		CE63E6021D566BE4007ADB72 /* image6.png */ = {isa = PBXFileReference; lastKnownFileType = image.png; name = image6.png; path = "../../../../../Downloads/documents-export-2016-08-03/image6.png"; sourceTree = "<group>"; };
		CE63E6031D566BE4007ADB72 /* image7.png */ = {isa = PBXFileReference; lastKnownFileType = image.png; name = image7.png; path = "../../../../../Downloads/documents-export-2016-08-03/image7.png"; sourceTree = "<group>"; };
		CE63E6041D566BE4007ADB72 /* image8.png */ = {isa = PBXFileReference; lastKnownFileType = image.png; name = image8.png; path = "../../../../../Downloads/documents-export-2016-08-03/image8.png"; sourceTree = "<group>"; };
		CE63E6061D566BE4007ADB72 /* image10.jpg */ = {isa = PBXFileReference; lastKnownFileType = image.jpeg; name = image10.jpg; path = "../../../../../Downloads/documents-export-2016-08-03/image10.jpg"; sourceTree = "<group>"; };
		CE63E6071D566BE4007ADB72 /* image11.png */ = {isa = PBXFileReference; lastKnownFileType = image.png; name = image11.png; path = "../../../../../Downloads/documents-export-2016-08-03/image11.png"; sourceTree = "<group>"; };
		CE63E60A1D566BE4007ADB72 /* image14.jpg */ = {isa = PBXFileReference; lastKnownFileType = image.jpeg; name = image14.jpg; path = "../../../../../Downloads/documents-export-2016-08-03/image14.jpg"; sourceTree = "<group>"; };
		CE63E60B1D566BE4007ADB72 /* image15.jpg */ = {isa = PBXFileReference; lastKnownFileType = image.jpeg; name = image15.jpg; path = "../../../../../Downloads/documents-export-2016-08-03/image15.jpg"; sourceTree = "<group>"; };
		CE63E60C1D566BE4007ADB72 /* image16.jpg */ = {isa = PBXFileReference; lastKnownFileType = image.jpeg; name = image16.jpg; path = "../../../../../Downloads/documents-export-2016-08-03/image16.jpg"; sourceTree = "<group>"; };
		CE63E60D1D566BE4007ADB72 /* image17.png */ = {isa = PBXFileReference; lastKnownFileType = image.png; name = image17.png; path = "../../../../../Downloads/documents-export-2016-08-03/image17.png"; sourceTree = "<group>"; };
		CE63E60E1D566BE4007ADB72 /* image18.png */ = {isa = PBXFileReference; lastKnownFileType = image.png; name = image18.png; path = "../../../../../Downloads/documents-export-2016-08-03/image18.png"; sourceTree = "<group>"; };
		CE63E60F1D566BE4007ADB72 /* image19.jpg */ = {isa = PBXFileReference; lastKnownFileType = image.jpeg; name = image19.jpg; path = "../../../../../Downloads/documents-export-2016-08-03/image19.jpg"; sourceTree = "<group>"; };
		CE63E6261D5675D7007ADB72 /* Conference-Call-50.png */ = {isa = PBXFileReference; lastKnownFileType = image.png; path = "Conference-Call-50.png"; sourceTree = "<group>"; };
		CE63E6271D5675D7007ADB72 /* Handshake-50.png */ = {isa = PBXFileReference; lastKnownFileType = image.png; path = "Handshake-50.png"; sourceTree = "<group>"; };
		CE63E6281D5675D7007ADB72 /* Calendar-50.png */ = {isa = PBXFileReference; lastKnownFileType = image.png; path = "Calendar-50.png"; sourceTree = "<group>"; };
		CE63E62A1D5675D7007ADB72 /* Map-Marker-50.png */ = {isa = PBXFileReference; lastKnownFileType = image.png; path = "Map-Marker-50.png"; sourceTree = "<group>"; };
		CE63E6331D56797F007ADB72 /* Main.storyboard */ = {isa = PBXFileReference; fileEncoding = 4; lastKnownFileType = file.storyboard; path = Main.storyboard; sourceTree = "<group>"; };
		CE63E6351D567A22007ADB72 /* Alarm-Clock.svg */ = {isa = PBXFileReference; fileEncoding = 4; lastKnownFileType = text; path = "Alarm-Clock.svg"; sourceTree = "<group>"; };
		CE63E6371D567B33007ADB72 /* Alarm-Clock@3x.png */ = {isa = PBXFileReference; lastKnownFileType = image.png; path = "Alarm-Clock@3x.png"; sourceTree = "<group>"; };
		CE63E6391D567B3C007ADB72 /* Alarm-Clock.png */ = {isa = PBXFileReference; lastKnownFileType = image.png; path = "Alarm-Clock.png"; sourceTree = "<group>"; };
		CE63E63A1D567B3C007ADB72 /* Alarm-Clock@2x.png */ = {isa = PBXFileReference; lastKnownFileType = image.png; path = "Alarm-Clock@2x.png"; sourceTree = "<group>"; };
		CE63E6431D567C88007ADB72 /* Map-Marker@3x.png */ = {isa = PBXFileReference; lastKnownFileType = image.png; path = "Map-Marker@3x.png"; sourceTree = "<group>"; };
		CE63E6451D567C9F007ADB72 /* Map-Marker.png */ = {isa = PBXFileReference; lastKnownFileType = image.png; path = "Map-Marker.png"; sourceTree = "<group>"; };
		CE63E6461D567C9F007ADB72 /* Map-Marker@2x.png */ = {isa = PBXFileReference; lastKnownFileType = image.png; path = "Map-Marker@2x.png"; sourceTree = "<group>"; };
		CE63E6491D567D16007ADB72 /* Handshake.png */ = {isa = PBXFileReference; lastKnownFileType = image.png; path = Handshake.png; sourceTree = "<group>"; };
		CE63E64A1D567D16007ADB72 /* Handshake@2x.png */ = {isa = PBXFileReference; lastKnownFileType = image.png; path = "Handshake@2x.png"; sourceTree = "<group>"; };
		CE63E64D1D567D1E007ADB72 /* Handshake@3x.png */ = {isa = PBXFileReference; lastKnownFileType = image.png; path = "Handshake@3x.png"; sourceTree = "<group>"; };
		CE63E64F1D567D8E007ADB72 /* Calendar.png */ = {isa = PBXFileReference; lastKnownFileType = image.png; path = Calendar.png; sourceTree = "<group>"; };
		CE63E6501D567D8E007ADB72 /* Calendar@2x.png */ = {isa = PBXFileReference; lastKnownFileType = image.png; path = "Calendar@2x.png"; sourceTree = "<group>"; };
		CE63E6531D567DA7007ADB72 /* Calendar@3x.png */ = {isa = PBXFileReference; lastKnownFileType = image.png; path = "Calendar@3x.png"; sourceTree = "<group>"; };
		CE63E6551D567E6F007ADB72 /* Conference-Call.png */ = {isa = PBXFileReference; lastKnownFileType = image.png; path = "Conference-Call.png"; sourceTree = "<group>"; };
		CE63E6561D567E6F007ADB72 /* Conference-Call@2x.png */ = {isa = PBXFileReference; lastKnownFileType = image.png; path = "Conference-Call@2x.png"; sourceTree = "<group>"; };
		CE63E6591D567EAD007ADB72 /* Conference-Call@3x.png */ = {isa = PBXFileReference; lastKnownFileType = image.png; path = "Conference-Call@3x.png"; sourceTree = "<group>"; };
		CE63E65B1D5684AD007ADB72 /* image0.jpg */ = {isa = PBXFileReference; lastKnownFileType = image.jpeg; path = image0.jpg; sourceTree = "<group>"; };
		CE63E65D1D5684D6007ADB72 /* image4.jpg */ = {isa = PBXFileReference; lastKnownFileType = image.jpeg; name = image4.jpg; path = ../../../../../Desktop/image4.jpg; sourceTree = "<group>"; };
		CE63E65F1D56850C007ADB72 /* image9.jpg */ = {isa = PBXFileReference; lastKnownFileType = image.jpeg; path = image9.jpg; sourceTree = "<group>"; };
		CE63E6611D568542007ADB72 /* image13.jpg */ = {isa = PBXFileReference; lastKnownFileType = image.jpeg; path = image13.jpg; sourceTree = "<group>"; };
		CE63E6631D568562007ADB72 /* image12.jpg */ = {isa = PBXFileReference; lastKnownFileType = image.jpeg; path = image12.jpg; sourceTree = "<group>"; };
		CE63E6651D568A37007ADB72 /* NotificationItem.h */ = {isa = PBXFileReference; fileEncoding = 4; lastKnownFileType = sourcecode.c.h; path = NotificationItem.h; sourceTree = "<group>"; };
		CE63E6661D568A37007ADB72 /* NotificationItem.m */ = {isa = PBXFileReference; fileEncoding = 4; lastKnownFileType = sourcecode.c.objc; path = NotificationItem.m; sourceTree = "<group>"; };
		CE6534681D4079FA0057EA30 /* Track.h */ = {isa = PBXFileReference; fileEncoding = 4; lastKnownFileType = sourcecode.c.h; path = Track.h; sourceTree = "<group>"; };
		CE6534691D4079FA0057EA30 /* Track.m */ = {isa = PBXFileReference; fileEncoding = 4; lastKnownFileType = sourcecode.c.objc; path = Track.m; sourceTree = "<group>"; };
		CE65346B1D407B160057EA30 /* TrackEvent.h */ = {isa = PBXFileReference; fileEncoding = 4; lastKnownFileType = sourcecode.c.h; path = TrackEvent.h; sourceTree = "<group>"; };
		CE65346C1D407B160057EA30 /* TrackEvent.m */ = {isa = PBXFileReference; fileEncoding = 4; lastKnownFileType = sourcecode.c.objc; path = TrackEvent.m; sourceTree = "<group>"; };
		CEB467881D45673600DBE5C3 /* TrackEventTableViewCell.h */ = {isa = PBXFileReference; fileEncoding = 4; lastKnownFileType = sourcecode.c.h; path = TrackEventTableViewCell.h; sourceTree = "<group>"; };
		CEB467891D45673600DBE5C3 /* TrackEventTableViewCell.m */ = {isa = PBXFileReference; fileEncoding = 4; lastKnownFileType = sourcecode.c.objc; path = TrackEventTableViewCell.m; sourceTree = "<group>"; };
		CEB4678A1D45673600DBE5C3 /* TrackEventTableViewCell.xib */ = {isa = PBXFileReference; fileEncoding = 4; lastKnownFileType = file.xib; path = TrackEventTableViewCell.xib; sourceTree = "<group>"; };
		CEB98E041D51AAAD0079DEA0 /* ScheduleEventTableViewCell.h */ = {isa = PBXFileReference; fileEncoding = 4; lastKnownFileType = sourcecode.c.h; path = ScheduleEventTableViewCell.h; sourceTree = "<group>"; };
		CEB98E051D51AAAD0079DEA0 /* ScheduleEventTableViewCell.m */ = {isa = PBXFileReference; fileEncoding = 4; lastKnownFileType = sourcecode.c.objc; path = ScheduleEventTableViewCell.m; sourceTree = "<group>"; };
		CEB98E061D51AAAD0079DEA0 /* ScheduleEventTableViewCell.xib */ = {isa = PBXFileReference; fileEncoding = 4; lastKnownFileType = file.xib; path = ScheduleEventTableViewCell.xib; sourceTree = "<group>"; };
		CEB98E091D51ADDE0079DEA0 /* image00.png */ = {isa = PBXFileReference; lastKnownFileType = image.png; path = image00.png; sourceTree = "<group>"; };
		CEB98E0A1D51ADDE0079DEA0 /* image02.png */ = {isa = PBXFileReference; lastKnownFileType = image.png; path = image02.png; sourceTree = "<group>"; };
		CEBF4D091D1CE3B000621686 /* ScheduleByDayTableViewController.h */ = {isa = PBXFileReference; fileEncoding = 4; lastKnownFileType = sourcecode.c.h; path = ScheduleByDayTableViewController.h; sourceTree = "<group>"; };
		CEBF4D0A1D1CE3B000621686 /* ScheduleByDayTableViewController.m */ = {isa = PBXFileReference; fileEncoding = 4; lastKnownFileType = sourcecode.c.objc; path = ScheduleByDayTableViewController.m; sourceTree = "<group>"; };
		CEBF4D0C1D1CE91F00621686 /* DayScheduleViewController.h */ = {isa = PBXFileReference; fileEncoding = 4; lastKnownFileType = sourcecode.c.h; path = DayScheduleViewController.h; sourceTree = "<group>"; };
		CEBF4D0D1D1CE91F00621686 /* DayScheduleViewController.m */ = {isa = PBXFileReference; fileEncoding = 4; lastKnownFileType = sourcecode.c.objc; path = DayScheduleViewController.m; sourceTree = "<group>"; };
		CEBF4D0F1D1E348800621686 /* AllTracksTableViewController.h */ = {isa = PBXFileReference; fileEncoding = 4; lastKnownFileType = sourcecode.c.h; path = AllTracksTableViewController.h; sourceTree = "<group>"; };
		CEBF4D101D1E348800621686 /* AllTracksTableViewController.m */ = {isa = PBXFileReference; fileEncoding = 4; lastKnownFileType = sourcecode.c.objc; path = AllTracksTableViewController.m; sourceTree = "<group>"; };
		CEC251761D41E307003B30B3 /* SingleTrackHeaderTableViewCell.h */ = {isa = PBXFileReference; fileEncoding = 4; lastKnownFileType = sourcecode.c.h; path = SingleTrackHeaderTableViewCell.h; sourceTree = "<group>"; };
		CEC251771D41E307003B30B3 /* SingleTrackHeaderTableViewCell.m */ = {isa = PBXFileReference; fileEncoding = 4; lastKnownFileType = sourcecode.c.objc; path = SingleTrackHeaderTableViewCell.m; sourceTree = "<group>"; };
		CEC2517A1D41E346003B30B3 /* SingleTrackHeaderTableViewCell.xib */ = {isa = PBXFileReference; fileEncoding = 4; lastKnownFileType = file.xib; path = SingleTrackHeaderTableViewCell.xib; sourceTree = "<group>"; };
		CEDC530E1D408A86002AD2B7 /* DataLoader.h */ = {isa = PBXFileReference; fileEncoding = 4; lastKnownFileType = sourcecode.c.h; path = DataLoader.h; sourceTree = "<group>"; };
		CEDC530F1D408A86002AD2B7 /* DataLoader.m */ = {isa = PBXFileReference; fileEncoding = 4; lastKnownFileType = sourcecode.c.objc; path = DataLoader.m; sourceTree = "<group>"; };
		CEEED5491D407EEC00A060D8 /* Version.h */ = {isa = PBXFileReference; fileEncoding = 4; lastKnownFileType = sourcecode.c.h; path = Version.h; sourceTree = "<group>"; };
		CEEED54A1D407EEC00A060D8 /* Version.m */ = {isa = PBXFileReference; fileEncoding = 4; lastKnownFileType = sourcecode.c.objc; path = Version.m; sourceTree = "<group>"; };
		CEEED54C1D407FF800A060D8 /* Schedule.h */ = {isa = PBXFileReference; fileEncoding = 4; lastKnownFileType = sourcecode.c.h; path = Schedule.h; sourceTree = "<group>"; };
		CEEED54D1D407FF800A060D8 /* Schedule.m */ = {isa = PBXFileReference; fileEncoding = 4; lastKnownFileType = sourcecode.c.objc; path = Schedule.m; sourceTree = "<group>"; };
		CEEED54F1D40800400A060D8 /* ScheduleEvent.h */ = {isa = PBXFileReference; fileEncoding = 4; lastKnownFileType = sourcecode.c.h; path = ScheduleEvent.h; sourceTree = "<group>"; };
		CEEED5501D40800400A060D8 /* ScheduleEvent.m */ = {isa = PBXFileReference; fileEncoding = 4; lastKnownFileType = sourcecode.c.objc; path = ScheduleEvent.m; sourceTree = "<group>"; };
		CEF745781D57C97700DE6E02 /* NSString+MD5.h */ = {isa = PBXFileReference; fileEncoding = 4; lastKnownFileType = sourcecode.c.h; path = "NSString+MD5.h"; sourceTree = "<group>"; };
		CEF745791D57C97700DE6E02 /* NSString+MD5.m */ = {isa = PBXFileReference; fileEncoding = 4; lastKnownFileType = sourcecode.c.objc; path = "NSString+MD5.m"; sourceTree = "<group>"; };
/* End PBXFileReference section */

/* Begin PBXFrameworksBuildPhase section */
		CE02316A1D0C9CB1004E2B43 /* Frameworks */ = {
			isa = PBXFrameworksBuildPhase;
			buildActionMask = 2147483647;
			files = (
				82E1ACD03B535C52D8DD34BE /* libPods-hpairapp.a in Frameworks */,
			);
			runOnlyForDeploymentPostprocessing = 0;
		};
		CE0231861D0C9CB2004E2B43 /* Frameworks */ = {
			isa = PBXFrameworksBuildPhase;
			buildActionMask = 2147483647;
			files = (
			);
			runOnlyForDeploymentPostprocessing = 0;
		};
		CE0231911D0C9CB2004E2B43 /* Frameworks */ = {
			isa = PBXFrameworksBuildPhase;
			buildActionMask = 2147483647;
			files = (
			);
			runOnlyForDeploymentPostprocessing = 0;
		};
/* End PBXFrameworksBuildPhase section */

/* Begin PBXGroup section */
		739C855FCFC86A672DCA414E /* Pods */ = {
			isa = PBXGroup;
			children = (
				B1EBE13DDB1EC33F83F8500D /* Pods-hpairapp.debug.xcconfig */,
				37E10EDD0CEB8383A539964F /* Pods-hpairapp.release.xcconfig */,
			);
			name = Pods;
			sourceTree = "<group>";
		};
		CE0231641D0C9CB1004E2B43 = {
			isa = PBXGroup;
			children = (
				CE02316F1D0C9CB2004E2B43 /* hpairapp */,
				CE02318C1D0C9CB2004E2B43 /* hpairappTests */,
				CE0231971D0C9CB2004E2B43 /* hpairappUITests */,
				CE02316E1D0C9CB1004E2B43 /* Products */,
				739C855FCFC86A672DCA414E /* Pods */,
				E42F8CB63215E75D260E58F5 /* Frameworks */,
			);
			sourceTree = "<group>";
		};
		CE02316E1D0C9CB1004E2B43 /* Products */ = {
			isa = PBXGroup;
			children = (
				CE02316D1D0C9CB1004E2B43 /* hpairapp.app */,
				CE0231891D0C9CB2004E2B43 /* hpairappTests.xctest */,
				CE0231941D0C9CB2004E2B43 /* hpairappUITests.xctest */,
			);
			name = Products;
			sourceTree = "<group>";
		};
		CE02316F1D0C9CB2004E2B43 /* hpairapp */ = {
			isa = PBXGroup;
			children = (
				CE6534671D4079DA0057EA30 /* Models */,
				CE0231731D0C9CB2004E2B43 /* AppDelegate.h */,
				CE0231741D0C9CB2004E2B43 /* AppDelegate.m */,
				CEF745781D57C97700DE6E02 /* NSString+MD5.h */,
				CEF745791D57C97700DE6E02 /* NSString+MD5.m */,
				CEDC530E1D408A86002AD2B7 /* DataLoader.h */,
				CEDC530F1D408A86002AD2B7 /* DataLoader.m */,
				CE63E5F71D566B31007ADB72 /* SponsorsViewController.h */,
				CE63E5F81D566B31007ADB72 /* SponsorsViewController.m */,
				CE63E5F91D566B31007ADB72 /* SponsorsViewController.xib */,
				CE0231A61D0E55DB004E2B43 /* MapTableViewController.h */,
				CE0231A71D0E55DB004E2B43 /* MapTableViewController.m */,
				CE0CE4521D1A40430003082C /* SingleMapViewController.h */,
				CE0CE4531D1A40430003082C /* SingleMapViewController.m */,
				CEBF4D0F1D1E348800621686 /* AllTracksTableViewController.h */,
				CEBF4D101D1E348800621686 /* AllTracksTableViewController.m */,
				CE2878C21D1E39F500B190CE /* SingleTrackTableViewController.h */,
				CE2878C31D1E39F500B190CE /* SingleTrackTableViewController.m */,
				CEC251791D41E310003B30B3 /* UI Elements */,
				CEBF4D091D1CE3B000621686 /* ScheduleByDayTableViewController.h */,
				CEBF4D0A1D1CE3B000621686 /* ScheduleByDayTableViewController.m */,
				CEBF4D0C1D1CE91F00621686 /* DayScheduleViewController.h */,
				CEBF4D0D1D1CE91F00621686 /* DayScheduleViewController.m */,
				CE0CE4551D1A45150003082C /* NotificationsTableViewController.h */,
				CE0CE4561D1A45150003082C /* NotificationsTableViewController.m */,
				CE02317F1D0C9CB2004E2B43 /* Assets.xcassets */,
				CE63E6551D567E6F007ADB72 /* Conference-Call.png */,
				CE63E6561D567E6F007ADB72 /* Conference-Call@2x.png */,
				CE63E6591D567EAD007ADB72 /* Conference-Call@3x.png */,
				CE63E64F1D567D8E007ADB72 /* Calendar.png */,
				CE63E6501D567D8E007ADB72 /* Calendar@2x.png */,
				CE63E6531D567DA7007ADB72 /* Calendar@3x.png */,
				CE63E6491D567D16007ADB72 /* Handshake.png */,
				CE63E64D1D567D1E007ADB72 /* Handshake@3x.png */,
				CE63E64A1D567D16007ADB72 /* Handshake@2x.png */,
				CE63E6451D567C9F007ADB72 /* Map-Marker.png */,
				CE63E6461D567C9F007ADB72 /* Map-Marker@2x.png */,
				CE63E6431D567C88007ADB72 /* Map-Marker@3x.png */,
				CE63E6391D567B3C007ADB72 /* Alarm-Clock.png */,
				CE63E63A1D567B3C007ADB72 /* Alarm-Clock@2x.png */,
				CE63E65B1D5684AD007ADB72 /* image0.jpg */,
				CE63E6371D567B33007ADB72 /* Alarm-Clock@3x.png */,
				CE63E6351D567A22007ADB72 /* Alarm-Clock.svg */,
				CE63E6261D5675D7007ADB72 /* Conference-Call-50.png */,
				CE63E6271D5675D7007ADB72 /* Handshake-50.png */,
				CE63E6281D5675D7007ADB72 /* Calendar-50.png */,
				CE63E62A1D5675D7007ADB72 /* Map-Marker-50.png */,
				CE63E5FD1D566BE4007ADB72 /* image1.jpg */,
				CE63E5FE1D566BE4007ADB72 /* image2.jpg */,
				CE63E5FF1D566BE4007ADB72 /* image3.jpg */,
				CE63E6011D566BE4007ADB72 /* image5.jpg */,
				CE63E65D1D5684D6007ADB72 /* image4.jpg */,
				CE63E6021D566BE4007ADB72 /* image6.png */,
				CE63E6031D566BE4007ADB72 /* image7.png */,
				CE63E6041D566BE4007ADB72 /* image8.png */,
				CE63E65F1D56850C007ADB72 /* image9.jpg */,
				CE63E6061D566BE4007ADB72 /* image10.jpg */,
				CE63E6071D566BE4007ADB72 /* image11.png */,
				CE63E6611D568542007ADB72 /* image13.jpg */,
				CE63E6631D568562007ADB72 /* image12.jpg */,
				CE63E60A1D566BE4007ADB72 /* image14.jpg */,
				CE63E60B1D566BE4007ADB72 /* image15.jpg */,
				CE63E60C1D566BE4007ADB72 /* image16.jpg */,
				CE63E60D1D566BE4007ADB72 /* image17.png */,
				CE63E60E1D566BE4007ADB72 /* image18.png */,
				CE63E60F1D566BE4007ADB72 /* image19.jpg */,
				CE0231811D0C9CB2004E2B43 /* LaunchScreen.storyboard */,
				CE63E6331D56797F007ADB72 /* Main.storyboard */,
				CE0231841D0C9CB2004E2B43 /* Info.plist */,
				CE63E5CC1D531129007ADB72 /* SponsorLogos */,
				CE0231701D0C9CB2004E2B43 /* Supporting Files */,
			);
			path = hpairapp;
			sourceTree = "<group>";
		};
		CE0231701D0C9CB2004E2B43 /* Supporting Files */ = {
			isa = PBXGroup;
			children = (
				CEB98E091D51ADDE0079DEA0 /* image00.png */,
				CEB98E0A1D51ADDE0079DEA0 /* image02.png */,
				CE0231711D0C9CB2004E2B43 /* main.m */,
			);
			name = "Supporting Files";
			sourceTree = "<group>";
		};
		CE02318C1D0C9CB2004E2B43 /* hpairappTests */ = {
			isa = PBXGroup;
			children = (
				CE02318D1D0C9CB2004E2B43 /* hpairappTests.m */,
				CE02318F1D0C9CB2004E2B43 /* Info.plist */,
			);
			path = hpairappTests;
			sourceTree = "<group>";
		};
		CE0231971D0C9CB2004E2B43 /* hpairappUITests */ = {
			isa = PBXGroup;
			children = (
				CE0231981D0C9CB2004E2B43 /* hpairappUITests.m */,
				CE02319A1D0C9CB2004E2B43 /* Info.plist */,
			);
			path = hpairappUITests;
			sourceTree = "<group>";
		};
		CE63E5CC1D531129007ADB72 /* SponsorLogos */ = {
			isa = PBXGroup;
			children = (
			);
			name = SponsorLogos;
			sourceTree = "<group>";
		};
		CE6534671D4079DA0057EA30 /* Models */ = {
			isa = PBXGroup;
			children = (
				CEEED5491D407EEC00A060D8 /* Version.h */,
				CEEED54A1D407EEC00A060D8 /* Version.m */,
				CE6534681D4079FA0057EA30 /* Track.h */,
				CE6534691D4079FA0057EA30 /* Track.m */,
				CE65346B1D407B160057EA30 /* TrackEvent.h */,
				CE65346C1D407B160057EA30 /* TrackEvent.m */,
				CEEED54C1D407FF800A060D8 /* Schedule.h */,
				CEEED54D1D407FF800A060D8 /* Schedule.m */,
				CEEED54F1D40800400A060D8 /* ScheduleEvent.h */,
				CEEED5501D40800400A060D8 /* ScheduleEvent.m */,
				CE63E6651D568A37007ADB72 /* NotificationItem.h */,
				CE63E6661D568A37007ADB72 /* NotificationItem.m */,
			);
			name = Models;
			sourceTree = "<group>";
		};
		CEC251791D41E310003B30B3 /* UI Elements */ = {
			isa = PBXGroup;
			children = (
				CEC251761D41E307003B30B3 /* SingleTrackHeaderTableViewCell.h */,
				CEC251771D41E307003B30B3 /* SingleTrackHeaderTableViewCell.m */,
				CEC2517A1D41E346003B30B3 /* SingleTrackHeaderTableViewCell.xib */,
				CEB467881D45673600DBE5C3 /* TrackEventTableViewCell.h */,
				CEB467891D45673600DBE5C3 /* TrackEventTableViewCell.m */,
				CEB4678A1D45673600DBE5C3 /* TrackEventTableViewCell.xib */,
				CEB98E041D51AAAD0079DEA0 /* ScheduleEventTableViewCell.h */,
				CEB98E051D51AAAD0079DEA0 /* ScheduleEventTableViewCell.m */,
				CEB98E061D51AAAD0079DEA0 /* ScheduleEventTableViewCell.xib */,
			);
			name = "UI Elements";
			sourceTree = "<group>";
		};
		E42F8CB63215E75D260E58F5 /* Frameworks */ = {
			isa = PBXGroup;
			children = (
				383901A9346F72E7ACA6C31D /* libPods-hpairapp.a */,
			);
			name = Frameworks;
			sourceTree = "<group>";
		};
/* End PBXGroup section */

/* Begin PBXNativeTarget section */
		CE02316C1D0C9CB1004E2B43 /* hpairapp */ = {
			isa = PBXNativeTarget;
			buildConfigurationList = CE02319D1D0C9CB2004E2B43 /* Build configuration list for PBXNativeTarget "hpairapp" */;
			buildPhases = (
				75FB80599B7A138EDE60FB36 /* [CP] Check Pods Manifest.lock */,
				CE0231691D0C9CB1004E2B43 /* Sources */,
				CE02316A1D0C9CB1004E2B43 /* Frameworks */,
				CE02316B1D0C9CB1004E2B43 /* Resources */,
				993E635528369FC282575888 /* [CP] Embed Pods Frameworks */,
				32969DDA241AF343D25F4AA0 /* [CP] Copy Pods Resources */,
			);
			buildRules = (
			);
			dependencies = (
			);
			name = hpairapp;
			productName = hpairapp;
			productReference = CE02316D1D0C9CB1004E2B43 /* hpairapp.app */;
			productType = "com.apple.product-type.application";
		};
		CE0231881D0C9CB2004E2B43 /* hpairappTests */ = {
			isa = PBXNativeTarget;
			buildConfigurationList = CE0231A01D0C9CB2004E2B43 /* Build configuration list for PBXNativeTarget "hpairappTests" */;
			buildPhases = (
				CE0231851D0C9CB2004E2B43 /* Sources */,
				CE0231861D0C9CB2004E2B43 /* Frameworks */,
				CE0231871D0C9CB2004E2B43 /* Resources */,
			);
			buildRules = (
			);
			dependencies = (
				CE02318B1D0C9CB2004E2B43 /* PBXTargetDependency */,
			);
			name = hpairappTests;
			productName = hpairappTests;
			productReference = CE0231891D0C9CB2004E2B43 /* hpairappTests.xctest */;
			productType = "com.apple.product-type.bundle.unit-test";
		};
		CE0231931D0C9CB2004E2B43 /* hpairappUITests */ = {
			isa = PBXNativeTarget;
			buildConfigurationList = CE0231A31D0C9CB2004E2B43 /* Build configuration list for PBXNativeTarget "hpairappUITests" */;
			buildPhases = (
				CE0231901D0C9CB2004E2B43 /* Sources */,
				CE0231911D0C9CB2004E2B43 /* Frameworks */,
				CE0231921D0C9CB2004E2B43 /* Resources */,
			);
			buildRules = (
			);
			dependencies = (
				CE0231961D0C9CB2004E2B43 /* PBXTargetDependency */,
			);
			name = hpairappUITests;
			productName = hpairappUITests;
			productReference = CE0231941D0C9CB2004E2B43 /* hpairappUITests.xctest */;
			productType = "com.apple.product-type.bundle.ui-testing";
		};
/* End PBXNativeTarget section */

/* Begin PBXProject section */
		CE0231651D0C9CB1004E2B43 /* Project object */ = {
			isa = PBXProject;
			attributes = {
				LastUpgradeCheck = 0730;
				ORGANIZATIONNAME = "Erik Godard";
				TargetAttributes = {
					CE02316C1D0C9CB1004E2B43 = {
						CreatedOnToolsVersion = 7.3;
						DevelopmentTeam = 3RALW97T8W;
						DevelopmentTeamName = "Erik  Godard";
						SystemCapabilities = {
							com.apple.Push = {
								enabled = 1;
							};
						};
					};
					CE0231881D0C9CB2004E2B43 = {
						CreatedOnToolsVersion = 7.3;
						TestTargetID = CE02316C1D0C9CB1004E2B43;
					};
					CE0231931D0C9CB2004E2B43 = {
						CreatedOnToolsVersion = 7.3;
						TestTargetID = CE02316C1D0C9CB1004E2B43;
					};
				};
			};
			buildConfigurationList = CE0231681D0C9CB1004E2B43 /* Build configuration list for PBXProject "hpairapp" */;
			compatibilityVersion = "Xcode 3.2";
			developmentRegion = English;
			hasScannedForEncodings = 0;
			knownRegions = (
				en,
				Base,
			);
			mainGroup = CE0231641D0C9CB1004E2B43;
			productRefGroup = CE02316E1D0C9CB1004E2B43 /* Products */;
			projectDirPath = "";
			projectRoot = "";
			targets = (
				CE02316C1D0C9CB1004E2B43 /* hpairapp */,
				CE0231881D0C9CB2004E2B43 /* hpairappTests */,
				CE0231931D0C9CB2004E2B43 /* hpairappUITests */,
			);
		};
/* End PBXProject section */

/* Begin PBXResourcesBuildPhase section */
		CE02316B1D0C9CB1004E2B43 /* Resources */ = {
			isa = PBXResourcesBuildPhase;
			buildActionMask = 2147483647;
			files = (
				CE63E63C1D567B3C007ADB72 /* Alarm-Clock@2x.png in Resources */,
				CE63E64B1D567D16007ADB72 /* Handshake.png in Resources */,
				CE63E62B1D5675D7007ADB72 /* Conference-Call-50.png in Resources */,
				CE63E6181D566BE4007ADB72 /* image7.png in Resources */,
				CE63E6541D567DA7007ADB72 /* Calendar@3x.png in Resources */,
				CE63E6441D567C88007ADB72 /* Map-Marker@3x.png in Resources */,
				CE0231831D0C9CB2004E2B43 /* LaunchScreen.storyboard in Resources */,
				CE0231801D0C9CB2004E2B43 /* Assets.xcassets in Resources */,
				CE63E64E1D567D1E007ADB72 /* Handshake@3x.png in Resources */,
				CEC2517B1D41E346003B30B3 /* SingleTrackHeaderTableViewCell.xib in Resources */,
				CE63E6471D567C9F007ADB72 /* Map-Marker.png in Resources */,
				CE63E64C1D567D16007ADB72 /* Handshake@2x.png in Resources */,
				CEB98E0C1D51ADDE0079DEA0 /* image02.png in Resources */,
				CE63E62F1D5675D7007ADB72 /* Map-Marker-50.png in Resources */,
				CE63E65C1D5684AD007ADB72 /* image0.jpg in Resources */,
				CE63E6621D568542007ADB72 /* image13.jpg in Resources */,
				CE63E6481D567C9F007ADB72 /* Map-Marker@2x.png in Resources */,
				CE63E5FB1D566B31007ADB72 /* SponsorsViewController.xib in Resources */,
				CE63E65E1D5684D6007ADB72 /* image4.jpg in Resources */,
				CE63E6201D566BE4007ADB72 /* image15.jpg in Resources */,
				CEB4678C1D45673600DBE5C3 /* TrackEventTableViewCell.xib in Resources */,
				CE63E6241D566BE4007ADB72 /* image19.jpg in Resources */,
				CE63E6581D567E6F007ADB72 /* Conference-Call@2x.png in Resources */,
				CE63E6221D566BE4007ADB72 /* image17.png in Resources */,
				CE63E6361D567A22007ADB72 /* Alarm-Clock.svg in Resources */,
				CE63E62D1D5675D7007ADB72 /* Calendar-50.png in Resources */,
				CEB98E0B1D51ADDE0079DEA0 /* image00.png in Resources */,
				CE63E61B1D566BE4007ADB72 /* image10.jpg in Resources */,
				CE63E6381D567B33007ADB72 /* Alarm-Clock@3x.png in Resources */,
				CE63E6211D566BE4007ADB72 /* image16.jpg in Resources */,
				CE63E6141D566BE4007ADB72 /* image3.jpg in Resources */,
				CE63E6231D566BE4007ADB72 /* image18.png in Resources */,
				CE63E65A1D567EAD007ADB72 /* Conference-Call@3x.png in Resources */,
				CE63E61F1D566BE4007ADB72 /* image14.jpg in Resources */,
				CE63E6521D567D8E007ADB72 /* Calendar@2x.png in Resources */,
				CE63E63B1D567B3C007ADB72 /* Alarm-Clock.png in Resources */,
				CE63E6341D56797F007ADB72 /* Main.storyboard in Resources */,
				CE63E6511D567D8E007ADB72 /* Calendar.png in Resources */,
				CE63E6571D567E6F007ADB72 /* Conference-Call.png in Resources */,
				CE63E61C1D566BE4007ADB72 /* image11.png in Resources */,
				CE63E6601D56850C007ADB72 /* image9.jpg in Resources */,
				CE63E6161D566BE4007ADB72 /* image5.jpg in Resources */,
				CE63E6191D566BE4007ADB72 /* image8.png in Resources */,
				CE63E6121D566BE4007ADB72 /* image1.jpg in Resources */,
				CE63E6171D566BE4007ADB72 /* image6.png in Resources */,
				CE63E6131D566BE4007ADB72 /* image2.jpg in Resources */,
				CE63E62C1D5675D7007ADB72 /* Handshake-50.png in Resources */,
				CE63E6641D568562007ADB72 /* image12.jpg in Resources */,
				CEB98E081D51AAAD0079DEA0 /* ScheduleEventTableViewCell.xib in Resources */,
			);
			runOnlyForDeploymentPostprocessing = 0;
		};
		CE0231871D0C9CB2004E2B43 /* Resources */ = {
			isa = PBXResourcesBuildPhase;
			buildActionMask = 2147483647;
			files = (
			);
			runOnlyForDeploymentPostprocessing = 0;
		};
		CE0231921D0C9CB2004E2B43 /* Resources */ = {
			isa = PBXResourcesBuildPhase;
			buildActionMask = 2147483647;
			files = (
			);
			runOnlyForDeploymentPostprocessing = 0;
		};
/* End PBXResourcesBuildPhase section */

/* Begin PBXShellScriptBuildPhase section */
		32969DDA241AF343D25F4AA0 /* [CP] Copy Pods Resources */ = {
			isa = PBXShellScriptBuildPhase;
			buildActionMask = 2147483647;
			files = (
			);
			inputPaths = (
			);
			name = "[CP] Copy Pods Resources";
			outputPaths = (
			);
			runOnlyForDeploymentPostprocessing = 0;
			shellPath = /bin/sh;
			shellScript = "\"${SRCROOT}/Pods/Target Support Files/Pods-hpairapp/Pods-hpairapp-resources.sh\"\n";
			showEnvVarsInLog = 0;
		};
		75FB80599B7A138EDE60FB36 /* [CP] Check Pods Manifest.lock */ = {
			isa = PBXShellScriptBuildPhase;
			buildActionMask = 2147483647;
			files = (
			);
			inputPaths = (
			);
			name = "[CP] Check Pods Manifest.lock";
			outputPaths = (
			);
			runOnlyForDeploymentPostprocessing = 0;
			shellPath = /bin/sh;
			shellScript = "diff \"${PODS_ROOT}/../Podfile.lock\" \"${PODS_ROOT}/Manifest.lock\" > /dev/null\nif [[ $? != 0 ]] ; then\n    cat << EOM\nerror: The sandbox is not in sync with the Podfile.lock. Run 'pod install' or update your CocoaPods installation.\nEOM\n    exit 1\nfi\n";
			showEnvVarsInLog = 0;
		};
		993E635528369FC282575888 /* [CP] Embed Pods Frameworks */ = {
			isa = PBXShellScriptBuildPhase;
			buildActionMask = 2147483647;
			files = (
			);
			inputPaths = (
			);
			name = "[CP] Embed Pods Frameworks";
			outputPaths = (
			);
			runOnlyForDeploymentPostprocessing = 0;
			shellPath = /bin/sh;
			shellScript = "\"${SRCROOT}/Pods/Target Support Files/Pods-hpairapp/Pods-hpairapp-frameworks.sh\"\n";
			showEnvVarsInLog = 0;
		};
/* End PBXShellScriptBuildPhase section */

/* Begin PBXSourcesBuildPhase section */
		CE0231691D0C9CB1004E2B43 /* Sources */ = {
			isa = PBXSourcesBuildPhase;
			buildActionMask = 2147483647;
			files = (
				CE2878C41D1E39F500B190CE /* SingleTrackTableViewController.m in Sources */,
				CEEED54E1D407FF800A060D8 /* Schedule.m in Sources */,
				CEB98E071D51AAAD0079DEA0 /* ScheduleEventTableViewCell.m in Sources */,
				CEEED54B1D407EEC00A060D8 /* Version.m in Sources */,
				CE65346D1D407B160057EA30 /* TrackEvent.m in Sources */,
				CEB4678B1D45673600DBE5C3 /* TrackEventTableViewCell.m in Sources */,
				CEF7457A1D57C97700DE6E02 /* NSString+MD5.m in Sources */,
				CEBF4D0E1D1CE91F00621686 /* DayScheduleViewController.m in Sources */,
				CE65346A1D4079FA0057EA30 /* Track.m in Sources */,
				CEBF4D111D1E348800621686 /* AllTracksTableViewController.m in Sources */,
				CEBF4D0B1D1CE3B000621686 /* ScheduleByDayTableViewController.m in Sources */,
				CEDC53101D408A86002AD2B7 /* DataLoader.m in Sources */,
				CEC251781D41E307003B30B3 /* SingleTrackHeaderTableViewCell.m in Sources */,
				CE0231A81D0E55DB004E2B43 /* MapTableViewController.m in Sources */,
				CE0231751D0C9CB2004E2B43 /* AppDelegate.m in Sources */,
				CE0CE4571D1A45150003082C /* NotificationsTableViewController.m in Sources */,
				CE0231721D0C9CB2004E2B43 /* main.m in Sources */,
				CE0CE4541D1A40430003082C /* SingleMapViewController.m in Sources */,
				CE63E5FA1D566B31007ADB72 /* SponsorsViewController.m in Sources */,
				CEEED5511D40800400A060D8 /* ScheduleEvent.m in Sources */,
				CE63E6671D568A37007ADB72 /* NotificationItem.m in Sources */,
			);
			runOnlyForDeploymentPostprocessing = 0;
		};
		CE0231851D0C9CB2004E2B43 /* Sources */ = {
			isa = PBXSourcesBuildPhase;
			buildActionMask = 2147483647;
			files = (
				CE02318E1D0C9CB2004E2B43 /* hpairappTests.m in Sources */,
			);
			runOnlyForDeploymentPostprocessing = 0;
		};
		CE0231901D0C9CB2004E2B43 /* Sources */ = {
			isa = PBXSourcesBuildPhase;
			buildActionMask = 2147483647;
			files = (
				CE0231991D0C9CB2004E2B43 /* hpairappUITests.m in Sources */,
			);
			runOnlyForDeploymentPostprocessing = 0;
		};
/* End PBXSourcesBuildPhase section */

/* Begin PBXTargetDependency section */
		CE02318B1D0C9CB2004E2B43 /* PBXTargetDependency */ = {
			isa = PBXTargetDependency;
			target = CE02316C1D0C9CB1004E2B43 /* hpairapp */;
			targetProxy = CE02318A1D0C9CB2004E2B43 /* PBXContainerItemProxy */;
		};
		CE0231961D0C9CB2004E2B43 /* PBXTargetDependency */ = {
			isa = PBXTargetDependency;
			target = CE02316C1D0C9CB1004E2B43 /* hpairapp */;
			targetProxy = CE0231951D0C9CB2004E2B43 /* PBXContainerItemProxy */;
		};
/* End PBXTargetDependency section */

/* Begin PBXVariantGroup section */
		CE0231811D0C9CB2004E2B43 /* LaunchScreen.storyboard */ = {
			isa = PBXVariantGroup;
			children = (
				CE0231821D0C9CB2004E2B43 /* Base */,
			);
			name = LaunchScreen.storyboard;
			sourceTree = "<group>";
		};
/* End PBXVariantGroup section */

/* Begin XCBuildConfiguration section */
		CE02319B1D0C9CB2004E2B43 /* Debug */ = {
			isa = XCBuildConfiguration;
			buildSettings = {
				ALWAYS_SEARCH_USER_PATHS = NO;
				CLANG_ANALYZER_NONNULL = YES;
				CLANG_CXX_LANGUAGE_STANDARD = "gnu++0x";
				CLANG_CXX_LIBRARY = "libc++";
				CLANG_ENABLE_MODULES = YES;
				CLANG_ENABLE_OBJC_ARC = YES;
				CLANG_WARN_BOOL_CONVERSION = YES;
				CLANG_WARN_CONSTANT_CONVERSION = YES;
				CLANG_WARN_DIRECT_OBJC_ISA_USAGE = YES_ERROR;
				CLANG_WARN_EMPTY_BODY = YES;
				CLANG_WARN_ENUM_CONVERSION = YES;
				CLANG_WARN_INT_CONVERSION = YES;
				CLANG_WARN_OBJC_ROOT_CLASS = YES_ERROR;
				CLANG_WARN_UNREACHABLE_CODE = YES;
				CLANG_WARN__DUPLICATE_METHOD_MATCH = YES;
				"CODE_SIGN_IDENTITY[sdk=iphoneos*]" = "iPhone Developer";
				COPY_PHASE_STRIP = NO;
				DEBUG_INFORMATION_FORMAT = dwarf;
				ENABLE_STRICT_OBJC_MSGSEND = YES;
				ENABLE_TESTABILITY = YES;
				GCC_C_LANGUAGE_STANDARD = gnu99;
				GCC_DYNAMIC_NO_PIC = NO;
				GCC_NO_COMMON_BLOCKS = YES;
				GCC_OPTIMIZATION_LEVEL = 0;
				GCC_PREPROCESSOR_DEFINITIONS = (
					"DEBUG=1",
					"$(inherited)",
				);
				GCC_WARN_64_TO_32_BIT_CONVERSION = YES;
				GCC_WARN_ABOUT_RETURN_TYPE = YES_ERROR;
				GCC_WARN_UNDECLARED_SELECTOR = YES;
				GCC_WARN_UNINITIALIZED_AUTOS = YES_AGGRESSIVE;
				GCC_WARN_UNUSED_FUNCTION = YES;
				GCC_WARN_UNUSED_VARIABLE = YES;
				IPHONEOS_DEPLOYMENT_TARGET = 9.3;
				MTL_ENABLE_DEBUG_INFO = YES;
				ONLY_ACTIVE_ARCH = YES;
				SDKROOT = iphoneos;
				TARGETED_DEVICE_FAMILY = "1,2";
			};
			name = Debug;
		};
		CE02319C1D0C9CB2004E2B43 /* Release */ = {
			isa = XCBuildConfiguration;
			buildSettings = {
				ALWAYS_SEARCH_USER_PATHS = NO;
				CLANG_ANALYZER_NONNULL = YES;
				CLANG_CXX_LANGUAGE_STANDARD = "gnu++0x";
				CLANG_CXX_LIBRARY = "libc++";
				CLANG_ENABLE_MODULES = YES;
				CLANG_ENABLE_OBJC_ARC = YES;
				CLANG_WARN_BOOL_CONVERSION = YES;
				CLANG_WARN_CONSTANT_CONVERSION = YES;
				CLANG_WARN_DIRECT_OBJC_ISA_USAGE = YES_ERROR;
				CLANG_WARN_EMPTY_BODY = YES;
				CLANG_WARN_ENUM_CONVERSION = YES;
				CLANG_WARN_INT_CONVERSION = YES;
				CLANG_WARN_OBJC_ROOT_CLASS = YES_ERROR;
				CLANG_WARN_UNREACHABLE_CODE = YES;
				CLANG_WARN__DUPLICATE_METHOD_MATCH = YES;
				"CODE_SIGN_IDENTITY[sdk=iphoneos*]" = "iPhone Developer";
				COPY_PHASE_STRIP = NO;
				DEBUG_INFORMATION_FORMAT = "dwarf-with-dsym";
				ENABLE_NS_ASSERTIONS = NO;
				ENABLE_STRICT_OBJC_MSGSEND = YES;
				GCC_C_LANGUAGE_STANDARD = gnu99;
				GCC_NO_COMMON_BLOCKS = YES;
				GCC_WARN_64_TO_32_BIT_CONVERSION = YES;
				GCC_WARN_ABOUT_RETURN_TYPE = YES_ERROR;
				GCC_WARN_UNDECLARED_SELECTOR = YES;
				GCC_WARN_UNINITIALIZED_AUTOS = YES_AGGRESSIVE;
				GCC_WARN_UNUSED_FUNCTION = YES;
				GCC_WARN_UNUSED_VARIABLE = YES;
				IPHONEOS_DEPLOYMENT_TARGET = 9.3;
				MTL_ENABLE_DEBUG_INFO = NO;
				SDKROOT = iphoneos;
				TARGETED_DEVICE_FAMILY = "1,2";
				VALIDATE_PRODUCT = YES;
			};
			name = Release;
		};
		CE02319E1D0C9CB2004E2B43 /* Debug */ = {
			isa = XCBuildConfiguration;
			baseConfigurationReference = B1EBE13DDB1EC33F83F8500D /* Pods-hpairapp.debug.xcconfig */;
			buildSettings = {
				ASSETCATALOG_COMPILER_APPICON_NAME = AppIcon;
				CODE_SIGN_IDENTITY = "iPhone Developer";
				"CODE_SIGN_IDENTITY[sdk=iphoneos*]" = "iPhone Developer";
				INFOPLIST_FILE = hpairapp/Info.plist;
				IPHONEOS_DEPLOYMENT_TARGET = 8.0;
				LD_RUNPATH_SEARCH_PATHS = "$(inherited) @executable_path/Frameworks";
				PRODUCT_BUNDLE_IDENTIFIER = com.godarderik.hpair.hpairapp;
				PRODUCT_NAME = "$(TARGET_NAME)";
				PROVISIONING_PROFILE = "";
			};
			name = Debug;
		};
		CE02319F1D0C9CB2004E2B43 /* Release */ = {
			isa = XCBuildConfiguration;
			baseConfigurationReference = 37E10EDD0CEB8383A539964F /* Pods-hpairapp.release.xcconfig */;
			buildSettings = {
				ASSETCATALOG_COMPILER_APPICON_NAME = AppIcon;
				CODE_SIGN_IDENTITY = "iPhone Developer";
				"CODE_SIGN_IDENTITY[sdk=iphoneos*]" = "iPhone Developer";
				INFOPLIST_FILE = hpairapp/Info.plist;
				IPHONEOS_DEPLOYMENT_TARGET = 8.0;
				LD_RUNPATH_SEARCH_PATHS = "$(inherited) @executable_path/Frameworks";
				PRODUCT_BUNDLE_IDENTIFIER = com.godarderik.hpair.hpairapp;
				PRODUCT_NAME = "$(TARGET_NAME)";
				PROVISIONING_PROFILE = "";
			};
			name = Release;
		};
		CE0231A11D0C9CB2004E2B43 /* Debug */ = {
			isa = XCBuildConfiguration;
			buildSettings = {
				BUNDLE_LOADER = "$(TEST_HOST)";
				INFOPLIST_FILE = hpairappTests/Info.plist;
				LD_RUNPATH_SEARCH_PATHS = "$(inherited) @executable_path/Frameworks @loader_path/Frameworks";
				PRODUCT_BUNDLE_IDENTIFIER = com.godarderik.hpair.hpairappTests;
				PRODUCT_NAME = "$(TARGET_NAME)";
				TEST_HOST = "$(BUILT_PRODUCTS_DIR)/hpairapp.app/hpairapp";
			};
			name = Debug;
		};
		CE0231A21D0C9CB2004E2B43 /* Release */ = {
			isa = XCBuildConfiguration;
			buildSettings = {
				BUNDLE_LOADER = "$(TEST_HOST)";
				INFOPLIST_FILE = hpairappTests/Info.plist;
				LD_RUNPATH_SEARCH_PATHS = "$(inherited) @executable_path/Frameworks @loader_path/Frameworks";
				PRODUCT_BUNDLE_IDENTIFIER = com.godarderik.hpair.hpairappTests;
				PRODUCT_NAME = "$(TARGET_NAME)";
				TEST_HOST = "$(BUILT_PRODUCTS_DIR)/hpairapp.app/hpairapp";
			};
			name = Release;
		};
		CE0231A41D0C9CB2004E2B43 /* Debug */ = {
			isa = XCBuildConfiguration;
			buildSettings = {
				INFOPLIST_FILE = hpairappUITests/Info.plist;
				LD_RUNPATH_SEARCH_PATHS = "$(inherited) @executable_path/Frameworks @loader_path/Frameworks";
				PRODUCT_BUNDLE_IDENTIFIER = com.godarderik.hpair.hpairappUITests;
				PRODUCT_NAME = "$(TARGET_NAME)";
				TEST_TARGET_NAME = hpairapp;
			};
			name = Debug;
		};
		CE0231A51D0C9CB2004E2B43 /* Release */ = {
			isa = XCBuildConfiguration;
			buildSettings = {
				INFOPLIST_FILE = hpairappUITests/Info.plist;
				LD_RUNPATH_SEARCH_PATHS = "$(inherited) @executable_path/Frameworks @loader_path/Frameworks";
				PRODUCT_BUNDLE_IDENTIFIER = com.godarderik.hpair.hpairappUITests;
				PRODUCT_NAME = "$(TARGET_NAME)";
				TEST_TARGET_NAME = hpairapp;
			};
			name = Release;
		};
/* End XCBuildConfiguration section */

/* Begin XCConfigurationList section */
		CE0231681D0C9CB1004E2B43 /* Build configuration list for PBXProject "hpairapp" */ = {
			isa = XCConfigurationList;
			buildConfigurations = (
				CE02319B1D0C9CB2004E2B43 /* Debug */,
				CE02319C1D0C9CB2004E2B43 /* Release */,
			);
			defaultConfigurationIsVisible = 0;
			defaultConfigurationName = Release;
		};
		CE02319D1D0C9CB2004E2B43 /* Build configuration list for PBXNativeTarget "hpairapp" */ = {
			isa = XCConfigurationList;
			buildConfigurations = (
				CE02319E1D0C9CB2004E2B43 /* Debug */,
				CE02319F1D0C9CB2004E2B43 /* Release */,
			);
			defaultConfigurationIsVisible = 0;
			defaultConfigurationName = Release;
		};
		CE0231A01D0C9CB2004E2B43 /* Build configuration list for PBXNativeTarget "hpairappTests" */ = {
			isa = XCConfigurationList;
			buildConfigurations = (
				CE0231A11D0C9CB2004E2B43 /* Debug */,
				CE0231A21D0C9CB2004E2B43 /* Release */,
			);
			defaultConfigurationIsVisible = 0;
			defaultConfigurationName = Release;
		};
		CE0231A31D0C9CB2004E2B43 /* Build configuration list for PBXNativeTarget "hpairappUITests" */ = {
			isa = XCConfigurationList;
			buildConfigurations = (
				CE0231A41D0C9CB2004E2B43 /* Debug */,
				CE0231A51D0C9CB2004E2B43 /* Release */,
			);
			defaultConfigurationIsVisible = 0;
			defaultConfigurationName = Release;
		};
/* End XCConfigurationList section */
	};
	rootObject = CE0231651D0C9CB1004E2B43 /* Project object */;
}
